
Microsoft Visual Studio Solution File, Format Version 12.00
Project("{FAE04EC0-301F-11D3-BF4B-00C04F79EFBC}") = "AudioConverter", "AudioConverter\AudioConverter.csproj", "{1E09B39F-BFFB-47BF-B563-9DE1700212BD}"
EndProject
Project("{2150E333-8FDC-42A3-9474-1A3956D46DE8}") = "Configuration", "Configuration", "{823CFDDF-B4A5-4541-821B-DE22BF4832AA}"
	ProjectSection(SolutionItems) = preProject
		..\..\.editorconfig = ..\..\.editorconfig
		..\..\spelling.dic = ..\..\spelling.dic
	EndProjectSection
EndProject
Global
	GlobalSection(SolutionConfigurationPlatforms) = preSolution
		Debug|Any CPU = Debug|Any CPU
		Release|Any CPU = Release|Any CPU
	EndGlobalSection
	GlobalSection(ProjectConfigurationPlatforms) = postSolution
		{1E09B39F-BFFB-47BF-B563-9DE1700212BD}.Debug|Any CPU.ActiveCfg = Debug|Any CPU
		{1E09B39F-BFFB-47BF-B563-9DE1700212BD}.Debug|Any CPU.Build.0 = Debug|Any CPU
		{1E09B39F-BFFB-47BF-B563-9DE1700212BD}.Release|Any CPU.ActiveCfg = Release|Any CPU
		{1E09B39F-BFFB-47BF-B563-9DE1700212BD}.Release|Any CPU.Build.0 = Release|Any CPU
	EndGlobalSection
EndGlobal
